
Microsoft Visual Studio Solution File, Format Version 12.00
Project("{FAE04EC0-301F-11D3-BF4B-00C04F79EFBC}") = "TryCatch", "TryCatch.csproj", "{6425FB2B-4C2C-460E-9908-512F0D1879E4}"
EndProject
Global
	GlobalSection(SolutionConfigurationPlatforms) = preSolution
		Debug|Any CPU = Debug|Any CPU
		Release|Any CPU = Release|Any CPU
	EndGlobalSection
	GlobalSection(ProjectConfigurationPlatforms) = postSolution
		{6425FB2B-4C2C-460E-9908-512F0D1879E4}.Debug|Any CPU.ActiveCfg = Debug|Any CPU
		{6425FB2B-4C2C-460E-9908-512F0D1879E4}.Debug|Any CPU.Build.0 = Debug|Any CPU
		{6425FB2B-4C2C-460E-9908-512F0D1879E4}.Release|Any CPU.ActiveCfg = Release|Any CPU
		{6425FB2B-4C2C-460E-9908-512F0D1879E4}.Release|Any CPU.Build.0 = Release|Any CPU
	EndGlobalSection
EndGlobal
