
Microsoft Visual Studio Solution File, Format Version 12.00
# Visual Studio Version 17
VisualStudioVersion = 17.12.35527.113 d17.12
MinimumVisualStudioVersion = 10.0.40219.1
Project("{FAE04EC0-301F-11D3-BF4B-00C04F79EFBC}") = "StringBuilderEx", "StringBuilderEx.csproj", "{BFB7DF87-0D9A-4420-83A4-93912CE638CC}"
EndProject
Global
	GlobalSection(SolutionConfigurationPlatforms) = preSolution
		Debug|Any CPU = Debug|Any CPU
		Release|Any CPU = Release|Any CPU
	EndGlobalSection
	GlobalSection(ProjectConfigurationPlatforms) = postSolution
		{BFB7DF87-0D9A-4420-83A4-93912CE638CC}.Debug|Any CPU.ActiveCfg = Debug|Any CPU
		{BFB7DF87-0D9A-4420-83A4-93912CE638CC}.Debug|Any CPU.Build.0 = Debug|Any CPU
		{BFB7DF87-0D9A-4420-83A4-93912CE638CC}.Release|Any CPU.ActiveCfg = Release|Any CPU
		{BFB7DF87-0D9A-4420-83A4-93912CE638CC}.Release|Any CPU.Build.0 = Release|Any CPU
	EndGlobalSection
	GlobalSection(SolutionProperties) = preSolution
		HideSolutionNode = FALSE
	EndGlobalSection
EndGlobal
